
Microsoft Visual Studio Solution File, Format Version 12.00
# Visual Studio Version 17
VisualStudioVersion = 17.6.33815.320
MinimumVisualStudioVersion = 10.0.40219.1
Project("{FAE04EC0-301F-11D3-BF4B-00C04F79EFBC}") = "ejemplosFront", "ejemplosFront\ejemplosFront.csproj", "{940929C1-F2C2-44A6-A7E4-5D67733E6A7F}"
EndProject
Global
	GlobalSection(SolutionConfigurationPlatforms) = preSolution
		Debug|Any CPU = Debug|Any CPU
		Release|Any CPU = Release|Any CPU
	EndGlobalSection
	GlobalSection(ProjectConfigurationPlatforms) = postSolution
		{940929C1-F2C2-44A6-A7E4-5D67733E6A7F}.Debug|Any CPU.ActiveCfg = Debug|Any CPU
		{940929C1-F2C2-44A6-A7E4-5D67733E6A7F}.Debug|Any CPU.Build.0 = Debug|Any CPU
		{940929C1-F2C2-44A6-A7E4-5D67733E6A7F}.Release|Any CPU.ActiveCfg = Release|Any CPU
		{940929C1-F2C2-44A6-A7E4-5D67733E6A7F}.Release|Any CPU.Build.0 = Release|Any CPU
	EndGlobalSection
	GlobalSection(SolutionProperties) = preSolution
		HideSolutionNode = FALSE
	EndGlobalSection
	GlobalSection(ExtensibilityGlobals) = postSolution
		SolutionGuid = {38009E54-C9EB-4F76-8B3D-18C882EB3FAF}
	EndGlobalSection
EndGlobal
